{
  "version": "5",
  "specifiers": {
    "jsr:@supabase/supabase-js@^2.45.0": "2.58.0",
    "npm:@supabase/auth-js@2.72.0": "2.72.0",
    "npm:@supabase/functions-js@2.5.0": "2.5.0",
    "npm:@supabase/node-fetch@2.6.15": "2.6.15",
    "npm:@supabase/postgrest-js@1.21.4": "1.21.4",
    "npm:@supabase/realtime-js@2.15.5": "2.15.5",
    "npm:@supabase/storage-js@2.12.2": "2.12.2",
    "npm:@supabase/supabase-js@2.80.0": "2.80.0",
    "npm:technicalindicators@3.1.0": "3.1.0"
  },
  "jsr": {
    "@supabase/supabase-js@2.58.0": {
      "integrity": "4d04e72e9f632b451ac7d1a84de0b85249c0097fdf06253f371c1f0a23e62c87",
      "dependencies": [
        "npm:@supabase/auth-js",
        "npm:@supabase/functions-js",
        "npm:@supabase/node-fetch",
        "npm:@supabase/postgrest-js",
        "npm:@supabase/realtime-js",
        "npm:@supabase/storage-js"
      ]
    }
  },
  "npm": {
    "@supabase/auth-js@2.72.0": {
      "integrity": "sha512-4+bnUrtTDK1YD0/FCx2YtMiQH5FGu9Jlf4IQi5kcqRwRwqp2ey39V61nHNdH86jm3DIzz0aZKiWfTW8qXk1swQ==",
      "dependencies": [
        "@supabase/node-fetch"
      ]
    },
    "@supabase/auth-js@2.80.0": {
      "integrity": "sha512-q2LyCVJGN4p7d92cOI7scWOoNwxJhZuFRwiimSUGJGI5zX7ubf1WUPznwOmYEn8WVo3Io+MyMinA7era6j5KPw==",
      "dependencies": [
        "tslib"
      ]
    },
    "@supabase/functions-js@2.5.0": {
      "integrity": "sha512-SXBx6Jvp+MOBekeKFu+G11YLYPeVeGQl23eYyAG9+Ro0pQ1aIP0UZNIBxHKNHqxzR0L0n6gysNr2KT3841NATw==",
      "dependencies": [
        "@supabase/node-fetch"
      ]
    },
    "@supabase/functions-js@2.80.0": {
      "integrity": "sha512-0S/k8LRtoblrbzy4ir9m4WuvU/XTkb1EwL/33/oJexCUHCXtsqaPJ3eKfr1GWtNqTa1zryv6sXs3Fpv7lKCsMQ==",
      "dependencies": [
        "tslib"
      ]
    },
    "@supabase/node-fetch@2.6.15": {
      "integrity": "sha512-1ibVeYUacxWYi9i0cf5efil6adJ9WRyZBLivgjs+AUpewx1F3xPi7gLgaASI2SmIQxPoCEjAsLAzKPgMJVgOUQ==",
      "dependencies": [
        "whatwg-url"
      ]
    },
    "@supabase/postgrest-js@1.21.4": {
      "integrity": "sha512-TxZCIjxk6/dP9abAi89VQbWWMBbybpGWyvmIzTd79OeravM13OjR/YEYeyUOPcM1C3QyvXkvPZhUfItvmhY1IQ==",
      "dependencies": [
        "@supabase/node-fetch"
      ]
    },
    "@supabase/postgrest-js@2.80.0": {
      "integrity": "sha512-yKzehXlRbDoXIQefdRQnvaI9BEogoWIp/7+y/m5enZDKW2IP9aAgq5tU72sThcwftDJvknnIpEHAABG3qviEng==",
      "dependencies": [
        "tslib"
      ]
    },
    "@supabase/realtime-js@2.15.5": {
      "integrity": "sha512-/Rs5Vqu9jejRD8ZeuaWXebdkH+J7V6VySbCZ/zQM93Ta5y3mAmocjioa/nzlB6qvFmyylUgKVS1KpE212t30OA==",
      "dependencies": [
        "@supabase/node-fetch",
        "@types/phoenix",
        "@types/ws",
        "ws"
      ]
    },
    "@supabase/realtime-js@2.80.0": {
      "integrity": "sha512-cXK6Gs4UDylN8oz40omi01QK0cSCBVj0efXC1WodpENTuDnrkUs28W8/eslEnAtlawaVtikC1Q92mpz9+o85Mg==",
      "dependencies": [
        "@types/phoenix",
        "@types/ws",
        "tslib",
        "ws"
      ]
    },
    "@supabase/storage-js@2.12.2": {
      "integrity": "sha512-SiySHxi3q7gia7NBYpsYRu8gyI0NhFwSORMxbZIxJ/zAVkN6QpwDRan158CJ+UdzD4WB/rQMAGRqIJQP+7ccAQ==",
      "dependencies": [
        "@supabase/node-fetch"
      ]
    },
    "@supabase/storage-js@2.80.0": {
      "integrity": "sha512-Iepod83h2WoMCaLC9pGb3QOT67Kn3RlUdbXpo3uvbDKfPU8EgytS4RVaPmDjhqDjj8AGaiz9mk/ppd2Q2WS+gw==",
      "dependencies": [
        "tslib"
      ]
    },
    "@supabase/supabase-js@2.80.0": {
      "integrity": "sha512-n8pkXQxuo5zCWXX5cbSNZj1vuWS8IVNGWTmP1m31Iq1k0e8lPZ07PF08TRV79HHq3mEPP/Ko//BQuflHvY2o8w==",
      "dependencies": [
        "@supabase/auth-js@2.80.0",
        "@supabase/functions-js@2.80.0",
        "@supabase/postgrest-js@2.80.0",
        "@supabase/realtime-js@2.80.0",
        "@supabase/storage-js@2.80.0"
      ]
    },
    "@types/node@24.2.0": {
      "integrity": "sha512-3xyG3pMCq3oYCNg7/ZP+E1ooTaGB4cG8JWRsqqOYQdbWNY4zbaV0Ennrd7stjiJEFZCaybcIgpTjJWHRfBSIDw==",
      "dependencies": [
        "undici-types"
      ]
    },
    "@types/node@6.14.13": {
      "integrity": "sha512-J1F0XJ/9zxlZel5ZlbeSuHW2OpabrUAqpFuC2sm2I3by8sERQ8+KCjNKUcq8QHuzpGMWiJpo9ZxeHrqrP2KzQw=="
    },
    "@types/phoenix@1.6.6": {
      "integrity": "sha512-PIzZZlEppgrpoT2QgbnDU+MMzuR6BbCjllj0bM70lWoejMeNJAxCchxnv7J3XFkI8MpygtRpzXrIlmWUBclP5A=="
    },
    "@types/ws@8.18.1": {
      "integrity": "sha512-ThVF6DCVhA8kUGy+aazFQ4kXQ7E1Ty7A3ypFOe0IcJV8O/M511G99AW24irKrW56Wt44yG9+ij8FaqoBGkuBXg==",
      "dependencies": [
        "@types/node@24.2.0"
      ]
    },
    "technicalindicators@3.1.0": {
      "integrity": "sha512-f16mOc+Y05hNy/of+UbGxhxQQmxUztCiluhsqC5QLUYz4WowUgKde9m6nIjK1Kay0wGHigT0IkOabpp0+22UfA==",
      "dependencies": [
        "@types/node@6.14.13"
      ]
    },
    "tr46@0.0.3": {
      "integrity": "sha512-N3WMsuqV66lT30CrXNbEjx4GEwlow3v6rr4mCcv6prnfwhS01rkgyFdjPNBYd9br7LpXV1+Emh01fHnq2Gdgrw=="
    },
    "tslib@2.8.1": {
      "integrity": "sha512-oJFu94HQb+KVduSUQL7wnpmqnfmLsOA/nAh6b6EH0wCEoK0/mPeXU6c3wKDV83MkOuHPRHtSXKKU99IBazS/2w=="
    },
    "undici-types@7.10.0": {
      "integrity": "sha512-t5Fy/nfn+14LuOc2KNYg75vZqClpAiqscVvMygNnlsHBFpSXdJaYtXMcdNLpl/Qvc3P2cB3s6lOV51nqsFq4ag=="
    },
    "webidl-conversions@3.0.1": {
      "integrity": "sha512-2JAn3z8AR6rjK8Sm8orRC0h/bcl/DqL7tRPdGZ4I1CjdF+EaMLmYxBHyXuKL849eucPFhvBoxMsflfOb8kxaeQ=="
    },
    "whatwg-url@5.0.0": {
      "integrity": "sha512-saE57nupxk6v3HY35+jzBwYa0rKSy0XR8JSxZPwgLr7ys0IBzhGviA1/TUGJLmSVqs8pb9AnvICXEuOHLprYTw==",
      "dependencies": [
        "tr46",
        "webidl-conversions"
      ]
    },
    "ws@8.18.3": {
      "integrity": "sha512-PEIGCY5tSlUt50cqyMXfCzX+oOPqN0vuGqWzbcJ2xvnkzkq46oOpz7dQaTDBdfICb4N14+GARUDw2XV2N4tvzg=="
    }
  },
  "remote": {
    "https://deno.land/std@0.224.0/async/delay.ts": "f90dd685b97c2f142b8069082993e437b1602b8e2561134827eeb7c12b95c499",
    "https://deno.land/std@0.224.0/http/server.ts": "f9313804bf6467a1704f45f76cb6cd0a3396a3b31c316035e6a4c2035d1ea514"
  },
  "workspace": {
    "dependencies": [
      "jsr:@supabase/supabase-js@^2.45.0"
    ]
  }
}
